
Microsoft Visual Studio Solution File, Format Version 12.00
# Visual Studio Version 17
VisualStudioVersion = 17.10.34928.147
MinimumVisualStudioVersion = 10.0.40219.1
Project("{9A19103F-16F7-4668-BE54-9A1E7A4F7556}") = "EVO.ParkingGo.Auth", "EVO.ParkingGo\EVO.ParkingGo.Auth.csproj", "{35B38CC9-0E88-4F34-9C1A-8BF2EA0284EE}"
EndProject
Project("{9A19103F-16F7-4668-BE54-9A1E7A4F7556}") = "EVO.InfrastructureLayer", "InfrastructureLayer\EVO.InfrastructureLayer.csproj", "{470BD224-0CE8-43C2-B4CC-C0A18A30F1E7}"
EndProject
Project("{9A19103F-16F7-4668-BE54-9A1E7A4F7556}") = "EVO.DomainLayer", "DomainLayer\EVO.DomainLayer.csproj", "{49A499A3-4144-4AD3-992D-0998403F9072}"
EndProject
Project("{9A19103F-16F7-4668-BE54-9A1E7A4F7556}") = "EVO.ApplicationLayer", "ApplicationLayer\EVO.ApplicationLayer.csproj", "{785300E2-EF61-49F5-B775-6ABB0243AFFE}"
EndProject
Project("{2150E333-8FDC-42A3-9474-1A3956D46DE8}") = "Tests", "Tests", "{6249CC88-2DB1-4138-B8BD-4BCBF6A9B9E6}"
EndProject
Project("{FAE04EC0-301F-11D3-BF4B-00C04F79EFBC}") = "EVO.ParkingGo.Auth.TestsAPI", "EVO.ParkingGo.Auth.TestsAPI\EVO.ParkingGo.Auth.TestsAPI.csproj", "{AF4C4A43-5175-40FC-9A5A-80AF6D652D16}"
EndProject
Global
	GlobalSection(SolutionConfigurationPlatforms) = preSolution
		Debug|Any CPU = Debug|Any CPU
		Release|Any CPU = Release|Any CPU
	EndGlobalSection
	GlobalSection(ProjectConfigurationPlatforms) = postSolution
		{35B38CC9-0E88-4F34-9C1A-8BF2EA0284EE}.Debug|Any CPU.ActiveCfg = Debug|Any CPU
		{35B38CC9-0E88-4F34-9C1A-8BF2EA0284EE}.Debug|Any CPU.Build.0 = Debug|Any CPU
		{35B38CC9-0E88-4F34-9C1A-8BF2EA0284EE}.Release|Any CPU.ActiveCfg = Release|Any CPU
		{35B38CC9-0E88-4F34-9C1A-8BF2EA0284EE}.Release|Any CPU.Build.0 = Release|Any CPU
		{470BD224-0CE8-43C2-B4CC-C0A18A30F1E7}.Debug|Any CPU.ActiveCfg = Debug|Any CPU
		{470BD224-0CE8-43C2-B4CC-C0A18A30F1E7}.Debug|Any CPU.Build.0 = Debug|Any CPU
		{470BD224-0CE8-43C2-B4CC-C0A18A30F1E7}.Release|Any CPU.ActiveCfg = Release|Any CPU
		{470BD224-0CE8-43C2-B4CC-C0A18A30F1E7}.Release|Any CPU.Build.0 = Release|Any CPU
		{49A499A3-4144-4AD3-992D-0998403F9072}.Debug|Any CPU.ActiveCfg = Debug|Any CPU
		{49A499A3-4144-4AD3-992D-0998403F9072}.Debug|Any CPU.Build.0 = Debug|Any CPU
		{49A499A3-4144-4AD3-992D-0998403F9072}.Release|Any CPU.ActiveCfg = Release|Any CPU
		{49A499A3-4144-4AD3-992D-0998403F9072}.Release|Any CPU.Build.0 = Release|Any CPU
		{785300E2-EF61-49F5-B775-6ABB0243AFFE}.Debug|Any CPU.ActiveCfg = Debug|Any CPU
		{785300E2-EF61-49F5-B775-6ABB0243AFFE}.Debug|Any CPU.Build.0 = Debug|Any CPU
		{785300E2-EF61-49F5-B775-6ABB0243AFFE}.Release|Any CPU.ActiveCfg = Release|Any CPU
		{785300E2-EF61-49F5-B775-6ABB0243AFFE}.Release|Any CPU.Build.0 = Release|Any CPU
		{AF4C4A43-5175-40FC-9A5A-80AF6D652D16}.Debug|Any CPU.ActiveCfg = Debug|Any CPU
		{AF4C4A43-5175-40FC-9A5A-80AF6D652D16}.Debug|Any CPU.Build.0 = Debug|Any CPU
		{AF4C4A43-5175-40FC-9A5A-80AF6D652D16}.Release|Any CPU.ActiveCfg = Release|Any CPU
		{AF4C4A43-5175-40FC-9A5A-80AF6D652D16}.Release|Any CPU.Build.0 = Release|Any CPU
	EndGlobalSection
	GlobalSection(SolutionProperties) = preSolution
		HideSolutionNode = FALSE
	EndGlobalSection
	GlobalSection(NestedProjects) = preSolution
		{AF4C4A43-5175-40FC-9A5A-80AF6D652D16} = {6249CC88-2DB1-4138-B8BD-4BCBF6A9B9E6}
	EndGlobalSection
	GlobalSection(ExtensibilityGlobals) = postSolution
		SolutionGuid = {9E0A8D0E-17F7-4946-B9F7-AFA091D56EE3}
	EndGlobalSection
EndGlobal
